
Microsoft Visual Studio Solution File, Format Version 12.00
# Visual Studio Version 16
VisualStudioVersion = 16.0.37027.11
MinimumVisualStudioVersion = 10.0.40219.1
Project("{FAE04EC0-301F-11D3-BF4B-00C04F79EFBC}") = "ProjectoPrincipal", "ProjectoPrincipal.csproj", "{95C6505F-2313-4741-A264-B7C40E8F94C4}"
EndProject
Project("{FAE04EC0-301F-11D3-BF4B-00C04F79EFBC}") = "ConsoleAppTipos", "..\ConsoleAppTipos\ConsoleAppTipos.csproj", "{A837C436-F180-41DC-8A3A-9671585B7567}"
EndProject
Project("{FAE04EC0-301F-11D3-BF4B-00C04F79EFBC}") = "ConsoleAppTipos2", "..\ConsoleAppTipos2\ConsoleAppTipos2.csproj", "{B48E7B35-4B45-4133-91E2-C8FBA6D92710}"
EndProject
Project("{FAE04EC0-301F-11D3-BF4B-00C04F79EFBC}") = "S4_VariablesYConstantes", "..\S4_VariablesYConstantes\S4_VariablesYConstantes.csproj", "{24C3164B-4F06-4EDF-85DE-B61F15987329}"
EndProject
Project("{FAE04EC0-301F-11D3-BF4B-00C04F79EFBC}") = "S4_BOOL", "..\S4_BOOL\S4_BOOL.csproj", "{510A21CD-3969-40CB-907D-53BE96329752}"
EndProject
Project("{FAE04EC0-301F-11D3-BF4B-00C04F79EFBC}") = "S4_S5_NUMEROS", "..\S4_NUMEROS\S4_S5_NUMEROS.csproj", "{32383612-443E-40C6-A0FA-E232067E3A14}"
EndProject
Project("{FAE04EC0-301F-11D3-BF4B-00C04F79EFBC}") = "S4_ENUM", "..\S4_ENUM\S4_ENUM.csproj", "{AC7CA123-71C1-472D-8E47-E2D9F044AE6C}"
EndProject
Project("{FAE04EC0-301F-11D3-BF4B-00C04F79EFBC}") = "S4_STRUCT", "..\S4_STRUCT\S4_STRUCT.csproj", "{04014A0C-C402-4B57-8E56-D87E993C47D9}"
EndProject
Project("{FAE04EC0-301F-11D3-BF4B-00C04F79EFBC}") = "S5_STRING", "..\S5_STRING\S5_STRING.csproj", "{64A60DE7-6E65-44C4-B874-1D624AA6C4BA}"
EndProject
Project("{FAE04EC0-301F-11D3-BF4B-00C04F79EFBC}") = "S6_EC_IF", "..\S6_EC_IF\S6_EC_IF.csproj", "{492FB3C6-D406-433B-B64E-F3F9E3C22608}"
EndProject
Project("{FAE04EC0-301F-11D3-BF4B-00C04F79EFBC}") = "S6_EC_SWITCH", "..\S6_EC_SWITCH\S6_EC_SWITCH.csproj", "{742F14AF-7B28-49CD-99CD-83FB5F85DDB2}"
EndProject
Project("{FAE04EC0-301F-11D3-BF4B-00C04F79EFBC}") = "S6_EC_LOOPS", "..\S6_EC_LOOPS\S6_EC_LOOPS.csproj", "{56D21F12-33D5-4A05-ABE7-BEE97C7D7DA0}"
EndProject
Project("{FAE04EC0-301F-11D3-BF4B-00C04F79EFBC}") = "S7_ED_ARRAY", "..\S7_ED_ARRAY\S7_ED_ARRAY.csproj", "{0BF09F1F-C703-4D7A-981A-36153762C01A}"
EndProject
Project("{FAE04EC0-301F-11D3-BF4B-00C04F79EFBC}") = "S7_ED_JAGGED_ARRAY", "..\S7_ED_JAGGED_ARRAY\S7_ED_JAGGED_ARRAY.csproj", "{BF771818-9429-4331-A85E-B9897A09386F}"
EndProject
Project("{FAE04EC0-301F-11D3-BF4B-00C04F79EFBC}") = "S7_ED_QUEUE", "..\S7_ED_QUEUE\S7_ED_QUEUE.csproj", "{7863FEBA-2E7B-4103-BC4C-88A220254F5B}"
EndProject
Project("{FAE04EC0-301F-11D3-BF4B-00C04F79EFBC}") = "S7_ED_STACK", "..\S7_ED_STACK\S7_ED_STACK.csproj", "{51FE0A97-4529-4D6B-A577-4227C280C21A}"
EndProject
Project("{FAE04EC0-301F-11D3-BF4B-00C04F79EFBC}") = "S7_ED_LIST", "..\S7_ED_LIST\S7_ED_LIST.csproj", "{D0EB9C6A-426E-4E75-B3AD-EA078FCF8001}"
EndProject
Project("{FAE04EC0-301F-11D3-BF4B-00C04F79EFBC}") = "S8_CLASES", "..\S8_CLASES\S8_CLASES.csproj", "{3DEED61E-C73B-4E72-9BAA-91A9A57283E6}"
EndProject
Project("{FAE04EC0-301F-11D3-BF4B-00C04F79EFBC}") = "S10_INTERFACES", "..\S10_INTERFACES\S10_INTERFACES.csproj", "{4F53C92E-F0FA-4B3B-A2FE-4DBAA71AB963}"
EndProject
Project("{FAE04EC0-301F-11D3-BF4B-00C04F79EFBC}") = "S11_FORMS", "..\S11_FORMS\S11_FORMS.csproj", "{7F6EF1E5-7064-4CD5-A4AE-DD5589D30AE3}"
EndProject
Global
	GlobalSection(SolutionConfigurationPlatforms) = preSolution
		Debug|Any CPU = Debug|Any CPU
		Release|Any CPU = Release|Any CPU
	EndGlobalSection
	GlobalSection(ProjectConfigurationPlatforms) = postSolution
		{95C6505F-2313-4741-A264-B7C40E8F94C4}.Debug|Any CPU.ActiveCfg = Debug|Any CPU
		{95C6505F-2313-4741-A264-B7C40E8F94C4}.Debug|Any CPU.Build.0 = Debug|Any CPU
		{95C6505F-2313-4741-A264-B7C40E8F94C4}.Release|Any CPU.ActiveCfg = Release|Any CPU
		{95C6505F-2313-4741-A264-B7C40E8F94C4}.Release|Any CPU.Build.0 = Release|Any CPU
		{A837C436-F180-41DC-8A3A-9671585B7567}.Debug|Any CPU.ActiveCfg = Debug|Any CPU
		{A837C436-F180-41DC-8A3A-9671585B7567}.Debug|Any CPU.Build.0 = Debug|Any CPU
		{A837C436-F180-41DC-8A3A-9671585B7567}.Release|Any CPU.ActiveCfg = Release|Any CPU
		{A837C436-F180-41DC-8A3A-9671585B7567}.Release|Any CPU.Build.0 = Release|Any CPU
		{B48E7B35-4B45-4133-91E2-C8FBA6D92710}.Debug|Any CPU.ActiveCfg = Debug|Any CPU
		{B48E7B35-4B45-4133-91E2-C8FBA6D92710}.Debug|Any CPU.Build.0 = Debug|Any CPU
		{B48E7B35-4B45-4133-91E2-C8FBA6D92710}.Release|Any CPU.ActiveCfg = Release|Any CPU
		{B48E7B35-4B45-4133-91E2-C8FBA6D92710}.Release|Any CPU.Build.0 = Release|Any CPU
		{24C3164B-4F06-4EDF-85DE-B61F15987329}.Debug|Any CPU.ActiveCfg = Debug|Any CPU
		{24C3164B-4F06-4EDF-85DE-B61F15987329}.Debug|Any CPU.Build.0 = Debug|Any CPU
		{24C3164B-4F06-4EDF-85DE-B61F15987329}.Release|Any CPU.ActiveCfg = Release|Any CPU
		{24C3164B-4F06-4EDF-85DE-B61F15987329}.Release|Any CPU.Build.0 = Release|Any CPU
		{510A21CD-3969-40CB-907D-53BE96329752}.Debug|Any CPU.ActiveCfg = Debug|Any CPU
		{510A21CD-3969-40CB-907D-53BE96329752}.Debug|Any CPU.Build.0 = Debug|Any CPU
		{510A21CD-3969-40CB-907D-53BE96329752}.Release|Any CPU.ActiveCfg = Release|Any CPU
		{510A21CD-3969-40CB-907D-53BE96329752}.Release|Any CPU.Build.0 = Release|Any CPU
		{32383612-443E-40C6-A0FA-E232067E3A14}.Debug|Any CPU.ActiveCfg = Debug|Any CPU
		{32383612-443E-40C6-A0FA-E232067E3A14}.Debug|Any CPU.Build.0 = Debug|Any CPU
		{32383612-443E-40C6-A0FA-E232067E3A14}.Release|Any CPU.ActiveCfg = Release|Any CPU
		{32383612-443E-40C6-A0FA-E232067E3A14}.Release|Any CPU.Build.0 = Release|Any CPU
		{AC7CA123-71C1-472D-8E47-E2D9F044AE6C}.Debug|Any CPU.ActiveCfg = Debug|Any CPU
		{AC7CA123-71C1-472D-8E47-E2D9F044AE6C}.Debug|Any CPU.Build.0 = Debug|Any CPU
		{AC7CA123-71C1-472D-8E47-E2D9F044AE6C}.Release|Any CPU.ActiveCfg = Release|Any CPU
		{AC7CA123-71C1-472D-8E47-E2D9F044AE6C}.Release|Any CPU.Build.0 = Release|Any CPU
		{04014A0C-C402-4B57-8E56-D87E993C47D9}.Debug|Any CPU.ActiveCfg = Debug|Any CPU
		{04014A0C-C402-4B57-8E56-D87E993C47D9}.Debug|Any CPU.Build.0 = Debug|Any CPU
		{04014A0C-C402-4B57-8E56-D87E993C47D9}.Release|Any CPU.ActiveCfg = Release|Any CPU
		{04014A0C-C402-4B57-8E56-D87E993C47D9}.Release|Any CPU.Build.0 = Release|Any CPU
		{64A60DE7-6E65-44C4-B874-1D624AA6C4BA}.Debug|Any CPU.ActiveCfg = Debug|Any CPU
		{64A60DE7-6E65-44C4-B874-1D624AA6C4BA}.Debug|Any CPU.Build.0 = Debug|Any CPU
		{64A60DE7-6E65-44C4-B874-1D624AA6C4BA}.Release|Any CPU.ActiveCfg = Release|Any CPU
		{64A60DE7-6E65-44C4-B874-1D624AA6C4BA}.Release|Any CPU.Build.0 = Release|Any CPU
		{492FB3C6-D406-433B-B64E-F3F9E3C22608}.Debug|Any CPU.ActiveCfg = Debug|Any CPU
		{492FB3C6-D406-433B-B64E-F3F9E3C22608}.Debug|Any CPU.Build.0 = Debug|Any CPU
		{492FB3C6-D406-433B-B64E-F3F9E3C22608}.Release|Any CPU.ActiveCfg = Release|Any CPU
		{492FB3C6-D406-433B-B64E-F3F9E3C22608}.Release|Any CPU.Build.0 = Release|Any CPU
		{742F14AF-7B28-49CD-99CD-83FB5F85DDB2}.Debug|Any CPU.ActiveCfg = Debug|Any CPU
		{742F14AF-7B28-49CD-99CD-83FB5F85DDB2}.Debug|Any CPU.Build.0 = Debug|Any CPU
		{742F14AF-7B28-49CD-99CD-83FB5F85DDB2}.Release|Any CPU.ActiveCfg = Release|Any CPU
		{742F14AF-7B28-49CD-99CD-83FB5F85DDB2}.Release|Any CPU.Build.0 = Release|Any CPU
		{56D21F12-33D5-4A05-ABE7-BEE97C7D7DA0}.Debug|Any CPU.ActiveCfg = Debug|Any CPU
		{56D21F12-33D5-4A05-ABE7-BEE97C7D7DA0}.Debug|Any CPU.Build.0 = Debug|Any CPU
		{56D21F12-33D5-4A05-ABE7-BEE97C7D7DA0}.Release|Any CPU.ActiveCfg = Release|Any CPU
		{56D21F12-33D5-4A05-ABE7-BEE97C7D7DA0}.Release|Any CPU.Build.0 = Release|Any CPU
		{0BF09F1F-C703-4D7A-981A-36153762C01A}.Debug|Any CPU.ActiveCfg = Debug|Any CPU
		{0BF09F1F-C703-4D7A-981A-36153762C01A}.Debug|Any CPU.Build.0 = Debug|Any CPU
		{0BF09F1F-C703-4D7A-981A-36153762C01A}.Release|Any CPU.ActiveCfg = Release|Any CPU
		{0BF09F1F-C703-4D7A-981A-36153762C01A}.Release|Any CPU.Build.0 = Release|Any CPU
		{BF771818-9429-4331-A85E-B9897A09386F}.Debug|Any CPU.ActiveCfg = Debug|Any CPU
		{BF771818-9429-4331-A85E-B9897A09386F}.Debug|Any CPU.Build.0 = Debug|Any CPU
		{BF771818-9429-4331-A85E-B9897A09386F}.Release|Any CPU.ActiveCfg = Release|Any CPU
		{BF771818-9429-4331-A85E-B9897A09386F}.Release|Any CPU.Build.0 = Release|Any CPU
		{7863FEBA-2E7B-4103-BC4C-88A220254F5B}.Debug|Any CPU.ActiveCfg = Debug|Any CPU
		{7863FEBA-2E7B-4103-BC4C-88A220254F5B}.Debug|Any CPU.Build.0 = Debug|Any CPU
		{7863FEBA-2E7B-4103-BC4C-88A220254F5B}.Release|Any CPU.ActiveCfg = Release|Any CPU
		{7863FEBA-2E7B-4103-BC4C-88A220254F5B}.Release|Any CPU.Build.0 = Release|Any CPU
		{51FE0A97-4529-4D6B-A577-4227C280C21A}.Debug|Any CPU.ActiveCfg = Debug|Any CPU
		{51FE0A97-4529-4D6B-A577-4227C280C21A}.Debug|Any CPU.Build.0 = Debug|Any CPU
		{51FE0A97-4529-4D6B-A577-4227C280C21A}.Release|Any CPU.ActiveCfg = Release|Any CPU
		{51FE0A97-4529-4D6B-A577-4227C280C21A}.Release|Any CPU.Build.0 = Release|Any CPU
		{D0EB9C6A-426E-4E75-B3AD-EA078FCF8001}.Debug|Any CPU.ActiveCfg = Debug|Any CPU
		{D0EB9C6A-426E-4E75-B3AD-EA078FCF8001}.Debug|Any CPU.Build.0 = Debug|Any CPU
		{D0EB9C6A-426E-4E75-B3AD-EA078FCF8001}.Release|Any CPU.ActiveCfg = Release|Any CPU
		{D0EB9C6A-426E-4E75-B3AD-EA078FCF8001}.Release|Any CPU.Build.0 = Release|Any CPU
		{3DEED61E-C73B-4E72-9BAA-91A9A57283E6}.Debug|Any CPU.ActiveCfg = Debug|Any CPU
		{3DEED61E-C73B-4E72-9BAA-91A9A57283E6}.Debug|Any CPU.Build.0 = Debug|Any CPU
		{3DEED61E-C73B-4E72-9BAA-91A9A57283E6}.Release|Any CPU.ActiveCfg = Release|Any CPU
		{3DEED61E-C73B-4E72-9BAA-91A9A57283E6}.Release|Any CPU.Build.0 = Release|Any CPU
		{4F53C92E-F0FA-4B3B-A2FE-4DBAA71AB963}.Debug|Any CPU.ActiveCfg = Debug|Any CPU
		{4F53C92E-F0FA-4B3B-A2FE-4DBAA71AB963}.Debug|Any CPU.Build.0 = Debug|Any CPU
		{4F53C92E-F0FA-4B3B-A2FE-4DBAA71AB963}.Release|Any CPU.ActiveCfg = Release|Any CPU
		{4F53C92E-F0FA-4B3B-A2FE-4DBAA71AB963}.Release|Any CPU.Build.0 = Release|Any CPU
		{7F6EF1E5-7064-4CD5-A4AE-DD5589D30AE3}.Debug|Any CPU.ActiveCfg = Debug|Any CPU
		{7F6EF1E5-7064-4CD5-A4AE-DD5589D30AE3}.Debug|Any CPU.Build.0 = Debug|Any CPU
		{7F6EF1E5-7064-4CD5-A4AE-DD5589D30AE3}.Release|Any CPU.ActiveCfg = Release|Any CPU
		{7F6EF1E5-7064-4CD5-A4AE-DD5589D30AE3}.Release|Any CPU.Build.0 = Release|Any CPU
	EndGlobalSection
	GlobalSection(SolutionProperties) = preSolution
		HideSolutionNode = FALSE
	EndGlobalSection
	GlobalSection(ExtensibilityGlobals) = postSolution
		SolutionGuid = {811C55E8-86ED-4038-BB32-35059891F6D1}
	EndGlobalSection
EndGlobal
